
Microsoft Visual Studio Solution File, Format Version 12.00
# Visual Studio 15
VisualStudioVersion = 15.0.28307.1259
MinimumVisualStudioVersion = 10.0.40219.1
Project("{8BC9CEB8-8B4A-11D0-8D11-00A0C91BC942}") = "HW", "HW\HW.vcxproj", "{B87342E5-FD67-481B-AE36-6D96103BFDC0}"
EndProject
Global
	GlobalSection(SolutionConfigurationPlatforms) = preSolution
		Debug|x64 = Debug|x64
		Debug|x86 = Debug|x86
		Release|x64 = Release|x64
		Release|x86 = Release|x86
	EndGlobalSection
	GlobalSection(ProjectConfigurationPlatforms) = postSolution
		{B87342E5-FD67-481B-AE36-6D96103BFDC0}.Debug|x64.ActiveCfg = Debug|x64
		{B87342E5-FD67-481B-AE36-6D96103BFDC0}.Debug|x64.Build.0 = Debug|x64
		{B87342E5-FD67-481B-AE36-6D96103BFDC0}.Debug|x86.ActiveCfg = Debug|Win32
		{B87342E5-FD67-481B-AE36-6D96103BFDC0}.Debug|x86.Build.0 = Debug|Win32
		{B87342E5-FD67-481B-AE36-6D96103BFDC0}.Release|x64.ActiveCfg = Release|x64
		{B87342E5-FD67-481B-AE36-6D96103BFDC0}.Release|x64.Build.0 = Release|x64
		{B87342E5-FD67-481B-AE36-6D96103BFDC0}.Release|x86.ActiveCfg = Release|Win32
		{B87342E5-FD67-481B-AE36-6D96103BFDC0}.Release|x86.Build.0 = Release|Win32
	EndGlobalSection
	GlobalSection(SolutionProperties) = preSolution
		HideSolutionNode = FALSE
	EndGlobalSection
	GlobalSection(ExtensibilityGlobals) = postSolution
		SolutionGuid = {1C02454A-41D1-466C-B6D3-A4446A3F0D5E}
	EndGlobalSection
EndGlobal
